<?xml version="1.0" encoding="utf-8"?>
<Project ToolsVersion="4.0" xmlns="http://schemas.microsoft.com/developer/msbuild/2003">
  <ItemGroup>
    <Filter Include="Sunshine">
      <UniqueIdentifier>{F25E5C4C-DE2B-B757-0745-A5FFF370ECE5}</UniqueIdentifier>
    </Filter>
    <Filter Include="Sunshine\Events">
      <UniqueIdentifier>{9686B79A-0212-255F-0B23-A853772D815F}</UniqueIdentifier>
    </Filter>
    <Filter Include="Sunshine\ImGui">
      <UniqueIdentifier>{9CC1403B-888F-3441-7123-A5675D9010A6}</UniqueIdentifier>
    </Filter>
    <Filter Include="Sunshine\Platform">
      <UniqueIdentifier>{868BD142-F2A1-CFD8-3B19-5BFAA76EA060}</UniqueIdentifier>
    </Filter>
    <Filter Include="Sunshine\Platform\OpenGL">
      <UniqueIdentifier>{FA411919-E666-6899-0FB2-4D29FB3567B7}</UniqueIdentifier>
    </Filter>
    <Filter Include="Sunshine\Platform\Windows">
      <UniqueIdentifier>{C05B5D94-2C1E-911E-75CE-1FABE1CF69FC}</UniqueIdentifier>
    </Filter>
  </ItemGroup>
  <ItemGroup>
    <ClInclude Include="src\Sunshine.h" />
    <ClInclude Include="src\Sunshine\Application.h">
      <Filter>Sunshine</Filter>
    </ClInclude>
    <ClInclude Include="src\Sunshine\Core.h">
      <Filter>Sunshine</Filter>
    </ClInclude>
    <ClInclude Include="src\Sunshine\EntryPoint.h">
      <Filter>Sunshine</Filter>
    </ClInclude>
    <ClInclude Include="src\Sunshine\Events\ApplicationEvent.h">
      <Filter>Sunshine\Events</Filter>
    </ClInclude>
    <ClInclude Include="src\Sunshine\Events\Event.h">
      <Filter>Sunshine\Events</Filter>
    </ClInclude>
    <ClInclude Include="src\Sunshine\Events\KeyEvent.h">
      <Filter>Sunshine\Events</Filter>
    </ClInclude>
    <ClInclude Include="src\Sunshine\Events\MouseEvent.h">
      <Filter>Sunshine\Events</Filter>
    </ClInclude>
    <ClInclude Include="src\Sunshine\ImGui\ImGuiLayer.h">
      <Filter>Sunshine\ImGui</Filter>
    </ClInclude>
    <ClInclude Include="src\Sunshine\Layer.h">
      <Filter>Sunshine</Filter>
    </ClInclude>
    <ClInclude Include="src\Sunshine\LayerStack.h">
      <Filter>Sunshine</Filter>
    </ClInclude>
    <ClInclude Include="src\Sunshine\Log.h">
      <Filter>Sunshine</Filter>
    </ClInclude>
    <ClInclude Include="src\Sunshine\Platform\OpenGL\ImGuiOpenGLRenderer.h">
      <Filter>Sunshine\Platform\OpenGL</Filter>
    </ClInclude>
    <ClInclude Include="src\Sunshine\Platform\OpenGL\imgui_impl_opengl3_loader.h">
      <Filter>Sunshine\Platform\OpenGL</Filter>
    </ClInclude>
    <ClInclude Include="src\Sunshine\Platform\Windows\WindowsWindow.h">
      <Filter>Sunshine\Platform\Windows</Filter>
    </ClInclude>
    <ClInclude Include="src\Sunshine\Window.h">
      <Filter>Sunshine</Filter>
    </ClInclude>
    <ClInclude Include="src\supch.h" />
    <ClInclude Include="src\Sunshine\Input.h" />
    <ClInclude Include="src\Sunshine\Platform\Windows\WindowsInput.h" />
  </ItemGroup>
  <ItemGroup>
    <ClCompile Include="src\Sunshine\Application.cpp">
      <Filter>Sunshine</Filter>
    </ClCompile>
    <ClCompile Include="src\Sunshine\ImGui\ImGuiLayer.cpp">
      <Filter>Sunshine\ImGui</Filter>
    </ClCompile>
    <ClCompile Include="src\Sunshine\Layer.cpp">
      <Filter>Sunshine</Filter>
    </ClCompile>
    <ClCompile Include="src\Sunshine\LayerStack.cpp">
      <Filter>Sunshine</Filter>
    </ClCompile>
    <ClCompile Include="src\Sunshine\Log.cpp">
      <Filter>Sunshine</Filter>
    </ClCompile>
    <ClCompile Include="src\Sunshine\Platform\OpenGL\ImGuiOpenGLRenderer.cpp">
      <Filter>Sunshine\Platform\OpenGL</Filter>
    </ClCompile>
    <ClCompile Include="src\Sunshine\Platform\Windows\WindowsWindow.cpp">
      <Filter>Sunshine\Platform\Windows</Filter>
    </ClCompile>
    <ClCompile Include="src\supch.cpp" />
    <ClCompile Include="src\Sunshine\Platform\Windows\WindowsInput.cpp" />
  </ItemGroup>
</Project>